hash: c4bfdb25779c2f6e1bd13e13ed16eac2b4a4b1970adce16a717d07db94740dd7
updated: 2018-05-02T19:52:46.260398+05:30
imports:
- name: github.com/aws/aws-sdk-go
  version: 52d5a986b0e02e8f24868f2822402b588dd525cf
  subpackages:
  - aws
  - aws/awserr
  - aws/awsutil
  - aws/client
  - aws/client/metadata
  - aws/corehandlers
  - aws/credentials
  - aws/credentials/ec2rolecreds
  - aws/credentials/endpointcreds
  - aws/credentials/stscreds
  - aws/defaults
  - aws/ec2metadata
  - aws/endpoints
  - aws/request
  - aws/session
  - aws/signer/v4
  - internal/sdkio
  - internal/sdkrand
  - internal/shareddefaults
  - private/protocol
  - private/protocol/query
  - private/protocol/query/queryutil
  - private/protocol/rest
  - private/protocol/restxml
  - private/protocol/xml/xmlutil
  - service/s3
  - service/sts
- name: github.com/bgentry/go-netrc
  version: 9fd32a8b3d3d3f9d43c341bfe098430e07609480
  subpackages:
  - netrc
- name: github.com/go-ini/ini
  version: bda519ae5f4cbc60d391ff8610711627a08b86ae
- name: github.com/hashicorp/go-cleanhttp
  version: d5fe4b57a186c716b0e00b8c301cbd9b4182694d
- name: github.com/hashicorp/go-getter
  version: 3f60ec5cfbb2a39731571b9ddae54b303bb0a969
  subpackages:
  - helper/url
- name: github.com/hashicorp/go-safetemp
  version: b1a1dbde6fdc11e3ae79efd9039009e22d4ae240
- name: github.com/hashicorp/go-version
  version: 23480c0665776210b5fbbac6eaaee40e3e6a96b7
- name: github.com/jmespath/go-jmespath
  version: c2b33e8439af944379acbdd9c3a5fe0bc44bd8a5
- name: github.com/mattn/go-sqlite3
  version: 6c771bb9887719704b210e87e934f08be014bdb1
- name: github.com/mitchellh/go-homedir
  version: b8bc1bf767474819792c23f32d8286a45736f1c6
- name: github.com/mitchellh/go-testing-interface
  version: a61a99592b77c9ba629d254a693acffaeb4b7e28
- name: github.com/ulikunitz/xz
  version: 0c6b41e72360850ca4f98dc341fd999726ea007f
  subpackages:
  - internal/hash
  - internal/xlog
  - lzma
testImports: []
